
Microsoft Visual Studio Solution File, Format Version 12.00
# Visual Studio Version 17
VisualStudioVersion = 17.10.35122.118
MinimumVisualStudioVersion = 10.0.40219.1
Project("{9A19103F-16F7-4668-BE54-9A1E7A4F7556}") = "MigrationWeb", "MigrationWeb\MigrationWeb.csproj", "{CE599492-5030-435F-A5BF-0C6D2AE5081F}"
EndProject
Project("{9A19103F-16F7-4668-BE54-9A1E7A4F7556}") = "Migration.Contracts", "Migration.Contracts\Migration.Contracts.csproj", "{694CBFC4-CF4F-487F-9094-2EC269CD81FC}"
EndProject
Project("{9A19103F-16F7-4668-BE54-9A1E7A4F7556}") = "Migration.Agro", "Migration.Agro\Migration.Agro.csproj", "{E5CACD86-8059-47B0-8CC1-4AE540B778EF}"
EndProject
Project("{FAE04EC0-301F-11D3-BF4B-00C04F79EFBC}") = "Migration.Shipbuilding", "Migration.Shipbuilding\Migration.Shipbuilding.csproj", "{4A67EC1D-8E03-4766-A225-FB4E12155755}"
EndProject
Global
	GlobalSection(SolutionConfigurationPlatforms) = preSolution
		Debug|Any CPU = Debug|Any CPU
		Release|Any CPU = Release|Any CPU
	EndGlobalSection
	GlobalSection(ProjectConfigurationPlatforms) = postSolution
		{CE599492-5030-435F-A5BF-0C6D2AE5081F}.Debug|Any CPU.ActiveCfg = Debug|Any CPU
		{CE599492-5030-435F-A5BF-0C6D2AE5081F}.Debug|Any CPU.Build.0 = Debug|Any CPU
		{CE599492-5030-435F-A5BF-0C6D2AE5081F}.Release|Any CPU.ActiveCfg = Release|Any CPU
		{CE599492-5030-435F-A5BF-0C6D2AE5081F}.Release|Any CPU.Build.0 = Release|Any CPU
		{694CBFC4-CF4F-487F-9094-2EC269CD81FC}.Debug|Any CPU.ActiveCfg = Debug|Any CPU
		{694CBFC4-CF4F-487F-9094-2EC269CD81FC}.Debug|Any CPU.Build.0 = Debug|Any CPU
		{694CBFC4-CF4F-487F-9094-2EC269CD81FC}.Release|Any CPU.ActiveCfg = Release|Any CPU
		{694CBFC4-CF4F-487F-9094-2EC269CD81FC}.Release|Any CPU.Build.0 = Release|Any CPU
		{E5CACD86-8059-47B0-8CC1-4AE540B778EF}.Debug|Any CPU.ActiveCfg = Debug|Any CPU
		{E5CACD86-8059-47B0-8CC1-4AE540B778EF}.Debug|Any CPU.Build.0 = Debug|Any CPU
		{E5CACD86-8059-47B0-8CC1-4AE540B778EF}.Release|Any CPU.ActiveCfg = Release|Any CPU
		{E5CACD86-8059-47B0-8CC1-4AE540B778EF}.Release|Any CPU.Build.0 = Release|Any CPU
		{4A67EC1D-8E03-4766-A225-FB4E12155755}.Debug|Any CPU.ActiveCfg = Debug|Any CPU
		{4A67EC1D-8E03-4766-A225-FB4E12155755}.Debug|Any CPU.Build.0 = Debug|Any CPU
		{4A67EC1D-8E03-4766-A225-FB4E12155755}.Release|Any CPU.ActiveCfg = Release|Any CPU
		{4A67EC1D-8E03-4766-A225-FB4E12155755}.Release|Any CPU.Build.0 = Release|Any CPU
	EndGlobalSection
	GlobalSection(SolutionProperties) = preSolution
		HideSolutionNode = FALSE
	EndGlobalSection
	GlobalSection(ExtensibilityGlobals) = postSolution
		SolutionGuid = {3AD8D1A3-B849-47FB-A36E-05C99D781D0E}
	EndGlobalSection
EndGlobal
